
Microsoft Visual Studio Solution File, Format Version 12.00
# Visual Studio Version 17
VisualStudioVersion = 17.0.31903.59
MinimumVisualStudioVersion = 10.0.40219.1
Project("{FAE04EC0-301F-11D3-BF4B-00C04F79EFBC}") = "Marabook.Core", "Marabook.Core\Marabook.Core.csproj", "{91FF28B6-F30D-49FE-AA95-EA1D14129A8D}"
EndProject
Project("{FAE04EC0-301F-11D3-BF4B-00C04F79EFBC}") = "Marabook.Tests", "Marabook.Tests\Marabook.Tests.csproj", "{452B49E7-F26B-4F92-A844-130EC8F4BAA8}"
EndProject
Project("{FAE04EC0-301F-11D3-BF4B-00C04F79EFBC}") = "Marabook.App", "Marabook.App\Marabook.App.csproj", "{B17B3E53-8D53-4C15-AD27-6F6D979FC2D5}"
EndProject
Global
	GlobalSection(SolutionConfigurationPlatforms) = preSolution
		Debug|Any CPU = Debug|Any CPU
		Release|Any CPU = Release|Any CPU
	EndGlobalSection
	GlobalSection(SolutionProperties) = preSolution
		HideSolutionNode = FALSE
	EndGlobalSection
	GlobalSection(ProjectConfigurationPlatforms) = postSolution
		{91FF28B6-F30D-49FE-AA95-EA1D14129A8D}.Debug|Any CPU.ActiveCfg = Debug|Any CPU
		{91FF28B6-F30D-49FE-AA95-EA1D14129A8D}.Debug|Any CPU.Build.0 = Debug|Any CPU
		{91FF28B6-F30D-49FE-AA95-EA1D14129A8D}.Release|Any CPU.ActiveCfg = Release|Any CPU
		{91FF28B6-F30D-49FE-AA95-EA1D14129A8D}.Release|Any CPU.Build.0 = Release|Any CPU
		{452B49E7-F26B-4F92-A844-130EC8F4BAA8}.Debug|Any CPU.ActiveCfg = Debug|Any CPU
		{452B49E7-F26B-4F92-A844-130EC8F4BAA8}.Debug|Any CPU.Build.0 = Debug|Any CPU
		{452B49E7-F26B-4F92-A844-130EC8F4BAA8}.Release|Any CPU.ActiveCfg = Release|Any CPU
		{452B49E7-F26B-4F92-A844-130EC8F4BAA8}.Release|Any CPU.Build.0 = Release|Any CPU
		{B17B3E53-8D53-4C15-AD27-6F6D979FC2D5}.Debug|Any CPU.ActiveCfg = Debug|Any CPU
		{B17B3E53-8D53-4C15-AD27-6F6D979FC2D5}.Debug|Any CPU.Build.0 = Debug|Any CPU
		{B17B3E53-8D53-4C15-AD27-6F6D979FC2D5}.Release|Any CPU.ActiveCfg = Release|Any CPU
		{B17B3E53-8D53-4C15-AD27-6F6D979FC2D5}.Release|Any CPU.Build.0 = Release|Any CPU
	EndGlobalSection
EndGlobal
